
Microsoft Visual Studio Solution File, Format Version 12.00
# Visual Studio Version 17
VisualStudioVersion = 17.2.32616.157
MinimumVisualStudioVersion = 10.0.40219.1
Project("{8BC9CEB8-8B4A-11D0-8D11-00A0C91BC942}") = "Multiplication Table", "Multiplication Table\Multiplication Table.vcxproj", "{4D5E067A-E7C3-4CAA-95F0-995531B5D74E}"
EndProject
Global
	GlobalSection(SolutionConfigurationPlatforms) = preSolution
		Debug|x64 = Debug|x64
		Debug|x86 = Debug|x86
		Release|x64 = Release|x64
		Release|x86 = Release|x86
	EndGlobalSection
	GlobalSection(ProjectConfigurationPlatforms) = postSolution
		{4D5E067A-E7C3-4CAA-95F0-995531B5D74E}.Debug|x64.ActiveCfg = Debug|x64
		{4D5E067A-E7C3-4CAA-95F0-995531B5D74E}.Debug|x64.Build.0 = Debug|x64
		{4D5E067A-E7C3-4CAA-95F0-995531B5D74E}.Debug|x86.ActiveCfg = Debug|Win32
		{4D5E067A-E7C3-4CAA-95F0-995531B5D74E}.Debug|x86.Build.0 = Debug|Win32
		{4D5E067A-E7C3-4CAA-95F0-995531B5D74E}.Release|x64.ActiveCfg = Release|x64
		{4D5E067A-E7C3-4CAA-95F0-995531B5D74E}.Release|x64.Build.0 = Release|x64
		{4D5E067A-E7C3-4CAA-95F0-995531B5D74E}.Release|x86.ActiveCfg = Release|Win32
		{4D5E067A-E7C3-4CAA-95F0-995531B5D74E}.Release|x86.Build.0 = Release|Win32
	EndGlobalSection
	GlobalSection(SolutionProperties) = preSolution
		HideSolutionNode = FALSE
	EndGlobalSection
	GlobalSection(ExtensibilityGlobals) = postSolution
		SolutionGuid = {4870D6C6-362D-4535-A4C9-D459A800C900}
	EndGlobalSection
EndGlobal
